
Microsoft Visual Studio Solution File, Format Version 12.00
# Visual Studio Version 17
VisualStudioVersion = 17.4.33205.214
MinimumVisualStudioVersion = 10.0.40219.1
Project("{2150E333-8FDC-42A3-9474-1A3956D46DE8}") = "Core", "Core", "{EF12C2A5-21BC-40CE-ACB7-8A8E1D20D968}"
EndProject
Project("{2150E333-8FDC-42A3-9474-1A3956D46DE8}") = "Infraestruture", "Infraestruture", "{DA746257-39A5-45DC-B41C-A2CD0834088D}"
EndProject
Project("{2150E333-8FDC-42A3-9474-1A3956D46DE8}") = "Presentation", "Presentation", "{46D88006-06EB-43A2-91CE-B77F11395350}"
EndProject
Project("{2150E333-8FDC-42A3-9474-1A3956D46DE8}") = "src", "src", "{8678381C-FE82-453C-8911-66EB58E33CA1}"
EndProject
Project("{9A19103F-16F7-4668-BE54-9A1E7A4F7556}") = "Aplication", "Aplication\Aplication.csproj", "{5D0D59D3-1DBC-484C-B7FF-A91CC1BF8F42}"
EndProject
Project("{9A19103F-16F7-4668-BE54-9A1E7A4F7556}") = "Domain", "Domain\Domain.csproj", "{5368B26F-FA47-4E82-BF54-B5CA054066AB}"
EndProject
Project("{9A19103F-16F7-4668-BE54-9A1E7A4F7556}") = "Persistance", "Persistance\Persistance.csproj", "{04CD24D5-4C03-4220-98A5-62A00A2AF16C}"
EndProject
Project("{9A19103F-16F7-4668-BE54-9A1E7A4F7556}") = "Shared", "Shared\Shared.csproj", "{A7B9A7BC-68B8-4D21-A162-CA99205332EF}"
EndProject
Project("{9A19103F-16F7-4668-BE54-9A1E7A4F7556}") = "WebApi", "WebApi\WebApi.csproj", "{B6BA0216-BED1-483B-B440-A57249114DAB}"
EndProject
Global
	GlobalSection(SolutionConfigurationPlatforms) = preSolution
		Debug|Any CPU = Debug|Any CPU
		Release|Any CPU = Release|Any CPU
	EndGlobalSection
	GlobalSection(ProjectConfigurationPlatforms) = postSolution
		{5D0D59D3-1DBC-484C-B7FF-A91CC1BF8F42}.Debug|Any CPU.ActiveCfg = Debug|Any CPU
		{5D0D59D3-1DBC-484C-B7FF-A91CC1BF8F42}.Debug|Any CPU.Build.0 = Debug|Any CPU
		{5D0D59D3-1DBC-484C-B7FF-A91CC1BF8F42}.Release|Any CPU.ActiveCfg = Release|Any CPU
		{5D0D59D3-1DBC-484C-B7FF-A91CC1BF8F42}.Release|Any CPU.Build.0 = Release|Any CPU
		{5368B26F-FA47-4E82-BF54-B5CA054066AB}.Debug|Any CPU.ActiveCfg = Debug|Any CPU
		{5368B26F-FA47-4E82-BF54-B5CA054066AB}.Debug|Any CPU.Build.0 = Debug|Any CPU
		{5368B26F-FA47-4E82-BF54-B5CA054066AB}.Release|Any CPU.ActiveCfg = Release|Any CPU
		{5368B26F-FA47-4E82-BF54-B5CA054066AB}.Release|Any CPU.Build.0 = Release|Any CPU
		{04CD24D5-4C03-4220-98A5-62A00A2AF16C}.Debug|Any CPU.ActiveCfg = Debug|Any CPU
		{04CD24D5-4C03-4220-98A5-62A00A2AF16C}.Debug|Any CPU.Build.0 = Debug|Any CPU
		{04CD24D5-4C03-4220-98A5-62A00A2AF16C}.Release|Any CPU.ActiveCfg = Release|Any CPU
		{04CD24D5-4C03-4220-98A5-62A00A2AF16C}.Release|Any CPU.Build.0 = Release|Any CPU
		{A7B9A7BC-68B8-4D21-A162-CA99205332EF}.Debug|Any CPU.ActiveCfg = Debug|Any CPU
		{A7B9A7BC-68B8-4D21-A162-CA99205332EF}.Debug|Any CPU.Build.0 = Debug|Any CPU
		{A7B9A7BC-68B8-4D21-A162-CA99205332EF}.Release|Any CPU.ActiveCfg = Release|Any CPU
		{A7B9A7BC-68B8-4D21-A162-CA99205332EF}.Release|Any CPU.Build.0 = Release|Any CPU
		{B6BA0216-BED1-483B-B440-A57249114DAB}.Debug|Any CPU.ActiveCfg = Debug|Any CPU
		{B6BA0216-BED1-483B-B440-A57249114DAB}.Debug|Any CPU.Build.0 = Debug|Any CPU
		{B6BA0216-BED1-483B-B440-A57249114DAB}.Release|Any CPU.ActiveCfg = Release|Any CPU
		{B6BA0216-BED1-483B-B440-A57249114DAB}.Release|Any CPU.Build.0 = Release|Any CPU
	EndGlobalSection
	GlobalSection(SolutionProperties) = preSolution
		HideSolutionNode = FALSE
	EndGlobalSection
	GlobalSection(NestedProjects) = preSolution
		{EF12C2A5-21BC-40CE-ACB7-8A8E1D20D968} = {8678381C-FE82-453C-8911-66EB58E33CA1}
		{DA746257-39A5-45DC-B41C-A2CD0834088D} = {8678381C-FE82-453C-8911-66EB58E33CA1}
		{46D88006-06EB-43A2-91CE-B77F11395350} = {8678381C-FE82-453C-8911-66EB58E33CA1}
		{5D0D59D3-1DBC-484C-B7FF-A91CC1BF8F42} = {EF12C2A5-21BC-40CE-ACB7-8A8E1D20D968}
		{5368B26F-FA47-4E82-BF54-B5CA054066AB} = {EF12C2A5-21BC-40CE-ACB7-8A8E1D20D968}
		{04CD24D5-4C03-4220-98A5-62A00A2AF16C} = {DA746257-39A5-45DC-B41C-A2CD0834088D}
		{A7B9A7BC-68B8-4D21-A162-CA99205332EF} = {DA746257-39A5-45DC-B41C-A2CD0834088D}
		{B6BA0216-BED1-483B-B440-A57249114DAB} = {46D88006-06EB-43A2-91CE-B77F11395350}
	EndGlobalSection
	GlobalSection(ExtensibilityGlobals) = postSolution
		SolutionGuid = {1809A94B-712A-494D-8BF2-7532C1493A59}
	EndGlobalSection
EndGlobal
